<?xml version="1.0" encoding="utf-8"?>
<Project ToolsVersion="4.0" xmlns="http://schemas.microsoft.com/developer/msbuild/2003">
  <ItemGroup>
    <Filter Include="Source Files">
      <UniqueIdentifier>{ec4adf72-af35-47bf-90d9-c060135ac6b9}</UniqueIdentifier>
      <Extensions>cpp;c;cxx;rc;def;r;odl;idl;hpj;bat</Extensions>
    </Filter>
    <Filter Include="Header Files">
      <UniqueIdentifier>{76655663-62cc-4f38-8150-6e910aedaf13}</UniqueIdentifier>
      <Extensions>h;hpp;hxx;hm;inl</Extensions>
    </Filter>
    <Filter Include="Resource Files">
      <UniqueIdentifier>{cbe6e848-a48f-4cda-92ac-aed735116143}</UniqueIdentifier>
      <Extensions>ico;cur;bmp;dlg;rc2;rct;bin;rgs;gif;jpg;jpeg;jpe</Extensions>
    </Filter>
    <Filter Include="includeCN">
      <UniqueIdentifier>{d5ce1478-19c7-43e3-b849-63ab6f8e405d}</UniqueIdentifier>
    </Filter>
    <Filter Include="includeEN">
      <UniqueIdentifier>{1e1af383-a748-44fc-b20e-1ce30baeae93}</UniqueIdentifier>
    </Filter>
  </ItemGroup>
  <ItemGroup>
    <ClCompile Include="DlgHikSadp.cpp">
      <Filter>Source Files</Filter>
    </ClCompile>
    <ClCompile Include="sadpdlg.cpp">
      <Filter>Source Files</Filter>
    </ClCompile>
    <ClCompile Include="sadpdlgDlg.cpp">
      <Filter>Source Files</Filter>
    </ClCompile>
    <ClCompile Include="StdAfx.cpp">
      <Filter>Source Files</Filter>
    </ClCompile>
    <ClCompile Include="ResetPassword.cpp">
      <Filter>Source Files</Filter>
    </ClCompile>
    <ClCompile Include="DlgCustom.cpp">
      <Filter>Source Files</Filter>
    </ClCompile>
    <ClCompile Include="DlgSecurityQuestion.cpp">
      <Filter>Source Files</Filter>
    </ClCompile>
    <ClCompile Include="HCPlatformStatus.cpp">
      <Filter>Source Files</Filter>
    </ClCompile>
    <ClCompile Include="BindDev.cpp">
      <Filter>Source Files</Filter>
    </ClCompile>
    <ClCompile Include="WifiRegion.cpp">
      <Filter>Source Files</Filter>
    </ClCompile>
    <ClCompile Include="DlgSelfCheck.cpp">
      <Filter>Source Files</Filter>
    </ClCompile>
    <ClCompile Include="Config.cpp">
      <Filter>Source Files</Filter>
    </ClCompile>
    <ClCompile Include="EhomeEnable.cpp">
      <Filter>Source Files</Filter>
    </ClCompile>
    <ClCompile Include="MailBoxResetPW.cpp">
      <Filter>Source Files</Filter>
    </ClCompile>
    <ClCompile Include="QrCodes.cpp">
      <Filter>Source Files</Filter>
    </ClCompile>
    <ClCompile Include="EzvizUnbind.cpp">
      <Filter>Source Files</Filter>
    </ClCompile>
    <ClCompile Include="EzvizUnbindDelUser.cpp">
      <Filter>Source Files</Filter>
    </ClCompile>
    <ClCompile Include="DlgAutoRequestInterval.cpp">
      <Filter>Source Files</Filter>
    </ClCompile>
    <ClCompile Include="DlgSetFilterRule.cpp">
      <Filter>Source Files</Filter>
    </ClCompile>
    <ClCompile Include="DlgActivateDevice.cpp">
      <Filter>Source Files</Filter>
    </ClCompile>
    <ClCompile Include="DlgRestoreInactive.cpp">
      <Filter>Source Files</Filter>
    </ClCompile>
    <ClCompile Include="DlgResetPWGUID.cpp">
      <Filter>Source Files</Filter>
    </ClCompile>
    <ClCompile Include="DlgResetPWEncrypt.cpp">
      <Filter>Source Files</Filter>
    </ClCompile>
    <ClCompile Include="DlgRestPWDeviceCode.cpp">
      <Filter>Source Files</Filter>
    </ClCompile>
    <ClCompile Include="DlgEzvizToken.cpp">
      <Filter>Source Files</Filter>
    </ClCompile>
    <ClCompile Include="DlgResetPWPhone.cpp">
      <Filter>Source Files</Filter>
    </ClCompile>
    <ClCompile Include="DlgInquiry.cpp">
      <Filter>Source Files</Filter>
    </ClCompile>
  </ItemGroup>
  <ItemGroup>
    <ClInclude Include="DlgHikSadp.h">
      <Filter>Header Files</Filter>
    </ClInclude>
    <ClInclude Include="Resource.h">
      <Filter>Header Files</Filter>
    </ClInclude>
    <ClInclude Include="sadpdlg.h">
      <Filter>Header Files</Filter>
    </ClInclude>
    <ClInclude Include="sadpdlgDlg.h">
      <Filter>Header Files</Filter>
    </ClInclude>
    <ClInclude Include="StdAfx.h">
      <Filter>Header Files</Filter>
    </ClInclude>
    <ClInclude Include="ResetPassword.h">
      <Filter>Header Files</Filter>
    </ClInclude>
    <ClInclude Include="DlgCustom.h">
      <Filter>Header Files</Filter>
    </ClInclude>
    <ClInclude Include="DlgSecurityQuestion.h">
      <Filter>Header Files</Filter>
    </ClInclude>
    <ClInclude Include="HCPlatformStatus.h">
      <Filter>Header Files</Filter>
    </ClInclude>
    <ClInclude Include="BindDev.h">
      <Filter>Header Files</Filter>
    </ClInclude>
    <ClInclude Include="WifiRegion.h">
      <Filter>Header Files</Filter>
    </ClInclude>
    <ClInclude Include="DlgSelfCheck.h">
      <Filter>Header Files</Filter>
    </ClInclude>
    <ClInclude Include="Config.h">
      <Filter>Header Files</Filter>
    </ClInclude>
    <ClInclude Include="EhomeEnable.h">
      <Filter>Header Files</Filter>
    </ClInclude>
    <ClInclude Include="MailBoxResetPW.h">
      <Filter>Header Files</Filter>
    </ClInclude>
    <ClInclude Include="QrCodes.h">
      <Filter>Header Files</Filter>
    </ClInclude>
    <ClInclude Include="EzvizUnbind.h">
      <Filter>Header Files</Filter>
    </ClInclude>
    <ClInclude Include="EzvizUnbindDelUser.h">
      <Filter>Header Files</Filter>
    </ClInclude>
    <ClInclude Include="DlgAutoRequestInterval.h">
      <Filter>Header Files</Filter>
    </ClInclude>
    <ClInclude Include="DlgSetFilterRule.h">
      <Filter>Header Files</Filter>
    </ClInclude>
    <ClInclude Include="DlgActivateDevice.h">
      <Filter>Header Files</Filter>
    </ClInclude>
    <ClInclude Include="DlgRestoreInactive.h">
      <Filter>Header Files</Filter>
    </ClInclude>
    <ClInclude Include="DlgResetPWGUID.h">
      <Filter>Header Files</Filter>
    </ClInclude>
    <ClInclude Include="DlgResetPWEncrypt.h">
      <Filter>Header Files</Filter>
    </ClInclude>
    <ClInclude Include="DlgRestPWDeviceCode.h">
      <Filter>Header Files</Filter>
    </ClInclude>
    <ClInclude Include="..\..\include\InsideSadp.h">
      <Filter>includeCN</Filter>
    </ClInclude>
    <ClInclude Include="..\..\include\Sadp.h">
      <Filter>includeCN</Filter>
    </ClInclude>
    <ClInclude Include="..\..\IncEn\Sadp.h">
      <Filter>includeEN</Filter>
    </ClInclude>
    <ClInclude Include="DlgEzvizToken.h">
      <Filter>Header Files</Filter>
    </ClInclude>
    <ClInclude Include="DlgResetPWPhone.h">
      <Filter>Header Files</Filter>
    </ClInclude>
    <ClInclude Include="DlgInquiry.h">
      <Filter>Header Files</Filter>
    </ClInclude>
  </ItemGroup>
  <ItemGroup>
    <Image Include="res\sadpdlg.ico">
      <Filter>Resource Files</Filter>
    </Image>
    <Image Include="res\bitmap1.bmp">
      <Filter>Resource Files</Filter>
    </Image>
  </ItemGroup>
  <ItemGroup>
    <ResourceCompile Include="sadpdlg.rc">
      <Filter>Resource Files</Filter>
    </ResourceCompile>
  </ItemGroup>
  <ItemGroup>
    <None Include="res\sadpdlg.rc2">
      <Filter>Resource Files</Filter>
    </None>
  </ItemGroup>
  <ItemGroup>
    <Text Include="ReadMe.txt" />
  </ItemGroup>
</Project>